
Microsoft Visual Studio Solution File, Format Version 12.00
# Visual Studio Version 17
VisualStudioVersion = 17.14.36119.2 d17.14
MinimumVisualStudioVersion = 10.0.40219.1
Project("{FAE04EC0-301F-11D3-BF4B-00C04F79EFBC}") = "ArasCLI", "ArasCLI\ArasCLI.csproj", "{A4FB175A-5A09-4A4B-945D-73B057BB9DAE}"
EndProject
Global
	GlobalSection(SolutionConfigurationPlatforms) = preSolution
		Debug|Any CPU = Debug|Any CPU
		Release|Any CPU = Release|Any CPU
	EndGlobalSection
	GlobalSection(ProjectConfigurationPlatforms) = postSolution
		{A4FB175A-5A09-4A4B-945D-73B057BB9DAE}.Debug|Any CPU.ActiveCfg = Debug|Any CPU
		{A4FB175A-5A09-4A4B-945D-73B057BB9DAE}.Debug|Any CPU.Build.0 = Debug|Any CPU
		{A4FB175A-5A09-4A4B-945D-73B057BB9DAE}.Release|Any CPU.ActiveCfg = Release|Any CPU
		{A4FB175A-5A09-4A4B-945D-73B057BB9DAE}.Release|Any CPU.Build.0 = Release|Any CPU
	EndGlobalSection
	GlobalSection(SolutionProperties) = preSolution
		HideSolutionNode = FALSE
	EndGlobalSection
	GlobalSection(ExtensibilityGlobals) = postSolution
		SolutionGuid = {C5A22B05-9031-4A9B-89FC-5D8BA579BD2D}
	EndGlobalSection
EndGlobal
